// !$*UTF8*$!
{
	archiveVersion = 1;
	classes = {
	};
	objectVersion = 48;
	objects = {

/* Begin PBXBuildFile section */
		EA01459920886A9300675B14 /* error.cpp in Sources */ = {isa = PBXBuildFile; fileRef = EA01459720886A9300675B14 /* error.cpp */; };
		EA01459A20887C7E00675B14 /* error.cpp in Sources */ = {isa = PBXBuildFile; fileRef = EA01459720886A9300675B14 /* error.cpp */; };
		EA408346201C63D8001EAB93 /* main_calculator.cpp in Sources */ = {isa = PBXBuildFile; fileRef = EA408344201C63D8001EAB93 /* main_calculator.cpp */; };
		EA40834C201C6693001EAB93 /* matrix.cpp in Sources */ = {isa = PBXBuildFile; fileRef = EA40834A201C6693001EAB93 /* matrix.cpp */; };
		EA40835E201C675D001EAB93 /* expression.cpp in Sources */ = {isa = PBXBuildFile; fileRef = EA40835C201C675D001EAB93 /* expression.cpp */; };
		EA408370201C6834001EAB93 /* token.cpp in Sources */ = {isa = PBXBuildFile; fileRef = EA40836E201C6834001EAB93 /* token.cpp */; };
		EA408376201C6AE6001EAB93 /* entry.cpp in Sources */ = {isa = PBXBuildFile; fileRef = EA408374201C6AE6001EAB93 /* entry.cpp */; };
		EA408379201C6AF7001EAB93 /* number.cpp in Sources */ = {isa = PBXBuildFile; fileRef = EA408377201C6AF7001EAB93 /* number.cpp */; };
		EA408382201C9746001EAB93 /* main_calculator_c.cpp in Sources */ = {isa = PBXBuildFile; fileRef = EA408380201C9746001EAB93 /* main_calculator_c.cpp */; };
		EA75708720DCCBC6006A0C17 /* Matrix_Script_Test.swift in Sources */ = {isa = PBXBuildFile; fileRef = EA75708620DCCBC6006A0C17 /* Matrix_Script_Test.swift */; };
		EA75709620DCD1D3006A0C17 /* Matrix Script.swift in Sources */ = {isa = PBXBuildFile; fileRef = EA75709520DCD1D3006A0C17 /* Matrix Script.swift */; };
		EA75709720DCD1D3006A0C17 /* Matrix Script.swift in Sources */ = {isa = PBXBuildFile; fileRef = EA75709520DCD1D3006A0C17 /* Matrix Script.swift */; };
		EA7570A120DCD41B006A0C17 /* main_calculator.cpp in Sources */ = {isa = PBXBuildFile; fileRef = EA408344201C63D8001EAB93 /* main_calculator.cpp */; };
		EA7570A220DCD41B006A0C17 /* entry.cpp in Sources */ = {isa = PBXBuildFile; fileRef = EA408374201C6AE6001EAB93 /* entry.cpp */; };
		EA7570A320DCD41B006A0C17 /* number.cpp in Sources */ = {isa = PBXBuildFile; fileRef = EA408377201C6AF7001EAB93 /* number.cpp */; };
		EA7570A420DCD41B006A0C17 /* matrix.cpp in Sources */ = {isa = PBXBuildFile; fileRef = EA40834A201C6693001EAB93 /* matrix.cpp */; };
		EA7570A520DCD41B006A0C17 /* expression.cpp in Sources */ = {isa = PBXBuildFile; fileRef = EA40835C201C675D001EAB93 /* expression.cpp */; };
		EA7570A620DCD41B006A0C17 /* token.cpp in Sources */ = {isa = PBXBuildFile; fileRef = EA40836E201C6834001EAB93 /* token.cpp */; };
		EA7570A720DCD41B006A0C17 /* main_calculator_c.cpp in Sources */ = {isa = PBXBuildFile; fileRef = EA408380201C9746001EAB93 /* main_calculator_c.cpp */; };
		EA7570A820DCD41B006A0C17 /* function.cpp in Sources */ = {isa = PBXBuildFile; fileRef = EA9096A6205A50F300D3903A /* function.cpp */; };
		EA7570A920DCD41B006A0C17 /* error.cpp in Sources */ = {isa = PBXBuildFile; fileRef = EA01459720886A9300675B14 /* error.cpp */; };
		EA9096A8205A50F300D3903A /* function.cpp in Sources */ = {isa = PBXBuildFile; fileRef = EA9096A6205A50F300D3903A /* function.cpp */; };
		EA9096AB205A5C4F00D3903A /* function.cpp in Sources */ = {isa = PBXBuildFile; fileRef = EA9096A6205A50F300D3903A /* function.cpp */; };
		EA958B4A200B56E900696366 /* AppDelegate.swift in Sources */ = {isa = PBXBuildFile; fileRef = EA958B49200B56E900696366 /* AppDelegate.swift */; };
		EA958B4C200B56E900696366 /* ViewController.swift in Sources */ = {isa = PBXBuildFile; fileRef = EA958B4B200B56E900696366 /* ViewController.swift */; };
		EA958B4F200B56E900696366 /* Main.storyboard in Resources */ = {isa = PBXBuildFile; fileRef = EA958B4D200B56E900696366 /* Main.storyboard */; };
		EA958B51200B56E900696366 /* Assets.xcassets in Resources */ = {isa = PBXBuildFile; fileRef = EA958B50200B56E900696366 /* Assets.xcassets */; };
		EA958B54200B56E900696366 /* LaunchScreen.storyboard in Resources */ = {isa = PBXBuildFile; fileRef = EA958B52200B56E900696366 /* LaunchScreen.storyboard */; };
		EAAAAD8520233CA7007CA3DA /* main_calculator.cpp in Sources */ = {isa = PBXBuildFile; fileRef = EA408344201C63D8001EAB93 /* main_calculator.cpp */; };
		EAAAAD8620233CA7007CA3DA /* entry.cpp in Sources */ = {isa = PBXBuildFile; fileRef = EA408374201C6AE6001EAB93 /* entry.cpp */; };
		EAAAAD8720233CA7007CA3DA /* number.cpp in Sources */ = {isa = PBXBuildFile; fileRef = EA408377201C6AF7001EAB93 /* number.cpp */; };
		EAAAAD8820233CA7007CA3DA /* matrix.cpp in Sources */ = {isa = PBXBuildFile; fileRef = EA40834A201C6693001EAB93 /* matrix.cpp */; };
		EAAAAD8920233CA7007CA3DA /* expression.cpp in Sources */ = {isa = PBXBuildFile; fileRef = EA40835C201C675D001EAB93 /* expression.cpp */; };
		EAAAAD8A20233CA7007CA3DA /* token.cpp in Sources */ = {isa = PBXBuildFile; fileRef = EA40836E201C6834001EAB93 /* token.cpp */; };
		EAAAAD8B20233CA7007CA3DA /* main_calculator_c.cpp in Sources */ = {isa = PBXBuildFile; fileRef = EA408380201C9746001EAB93 /* main_calculator_c.cpp */; };
		EAAAAD8D20233CE0007CA3DA /* main.cpp in Sources */ = {isa = PBXBuildFile; fileRef = EAAAAD8C20233CE0007CA3DA /* main.cpp */; };
		EADD034B20EB5CAD00C6CC79 /* FiraSans-Regular.ttf in Resources */ = {isa = PBXBuildFile; fileRef = EADD034A20EB5CAD00C6CC79 /* FiraSans-Regular.ttf */; };
		EAF3604620EC96980053C5EE /* WebKit.framework in Frameworks */ = {isa = PBXBuildFile; fileRef = EAF3604220EC96830053C5EE /* WebKit.framework */; };
		EAF3604C20EC9F360053C5EE /* docs.html in Resources */ = {isa = PBXBuildFile; fileRef = EAF3604B20EC9F350053C5EE /* docs.html */; };
		EAF3605020ECAC0B0053C5EE /* style.css in Resources */ = {isa = PBXBuildFile; fileRef = EAF3604F20ECAC0B0053C5EE /* style.css */; };
		EAF3605420ECC6270053C5EE /* LICENSE in Resources */ = {isa = PBXBuildFile; fileRef = EAF3605320ECC6270053C5EE /* LICENSE */; };
/* End PBXBuildFile section */

/* Begin PBXCopyFilesBuildPhase section */
		EAAAAD7C20233C8F007CA3DA /* CopyFiles */ = {
			isa = PBXCopyFilesBuildPhase;
			buildActionMask = 2147483647;
			dstPath = /usr/share/man/man1/;
			dstSubfolderSpec = 0;
			files = (
			);
			runOnlyForDeploymentPostprocessing = 1;
		};
/* End PBXCopyFilesBuildPhase section */

/* Begin PBXFileReference section */
		EA01459720886A9300675B14 /* error.cpp */ = {isa = PBXFileReference; lastKnownFileType = sourcecode.cpp.cpp; path = error.cpp; sourceTree = "<group>"; };
		EA01459820886A9300675B14 /* error.hpp */ = {isa = PBXFileReference; lastKnownFileType = sourcecode.cpp.h; path = error.hpp; sourceTree = "<group>"; };
		EA0204E820CBCB55003A7BCB /* MainFrame.java */ = {isa = PBXFileReference; lastKnownFileType = sourcecode.java; path = MainFrame.java; sourceTree = "<group>"; };
		EA0204F020CBCBFC003A7BCB /* MatrixScript.java */ = {isa = PBXFileReference; lastKnownFileType = sourcecode.java; path = MatrixScript.java; sourceTree = "<group>"; };
		EA408344201C63D8001EAB93 /* main_calculator.cpp */ = {isa = PBXFileReference; lastKnownFileType = sourcecode.cpp.cpp; path = main_calculator.cpp; sourceTree = "<group>"; };
		EA408345201C63D8001EAB93 /* main_calculator.hpp */ = {isa = PBXFileReference; lastKnownFileType = sourcecode.cpp.h; path = main_calculator.hpp; sourceTree = "<group>"; };
		EA40834A201C6693001EAB93 /* matrix.cpp */ = {isa = PBXFileReference; lastKnownFileType = sourcecode.cpp.cpp; path = matrix.cpp; sourceTree = "<group>"; };
		EA40834B201C6693001EAB93 /* matrix.hpp */ = {isa = PBXFileReference; lastKnownFileType = sourcecode.cpp.h; path = matrix.hpp; sourceTree = "<group>"; };
		EA40835C201C675D001EAB93 /* expression.cpp */ = {isa = PBXFileReference; lastKnownFileType = sourcecode.cpp.cpp; path = expression.cpp; sourceTree = "<group>"; };
		EA40835D201C675D001EAB93 /* expression.hpp */ = {isa = PBXFileReference; lastKnownFileType = sourcecode.cpp.h; path = expression.hpp; sourceTree = "<group>"; };
		EA40836E201C6834001EAB93 /* token.cpp */ = {isa = PBXFileReference; lastKnownFileType = sourcecode.cpp.cpp; path = token.cpp; sourceTree = "<group>"; };
		EA40836F201C6834001EAB93 /* token.hpp */ = {isa = PBXFileReference; lastKnownFileType = sourcecode.cpp.h; path = token.hpp; sourceTree = "<group>"; };
		EA408374201C6AE6001EAB93 /* entry.cpp */ = {isa = PBXFileReference; lastKnownFileType = sourcecode.cpp.cpp; path = entry.cpp; sourceTree = "<group>"; };
		EA408375201C6AE6001EAB93 /* entry.hpp */ = {isa = PBXFileReference; lastKnownFileType = sourcecode.cpp.h; path = entry.hpp; sourceTree = "<group>"; };
		EA408377201C6AF7001EAB93 /* number.cpp */ = {isa = PBXFileReference; lastKnownFileType = sourcecode.cpp.cpp; path = number.cpp; sourceTree = "<group>"; };
		EA408378201C6AF7001EAB93 /* number.hpp */ = {isa = PBXFileReference; lastKnownFileType = sourcecode.cpp.h; path = number.hpp; sourceTree = "<group>"; };
		EA40837C201C8EF3001EAB93 /* Matrix Script-Bridging-Header.h */ = {isa = PBXFileReference; lastKnownFileType = sourcecode.c.h; path = "Matrix Script-Bridging-Header.h"; sourceTree = "<group>"; };
		EA408380201C9746001EAB93 /* main_calculator_c.cpp */ = {isa = PBXFileReference; lastKnownFileType = sourcecode.cpp.cpp; path = main_calculator_c.cpp; sourceTree = "<group>"; };
		EA408381201C9746001EAB93 /* main_calculator_c.hpp */ = {isa = PBXFileReference; lastKnownFileType = sourcecode.cpp.h; path = main_calculator_c.hpp; sourceTree = "<group>"; };
		EA75708420DCCBC6006A0C17 /* Matrix Script Test.xctest */ = {isa = PBXFileReference; explicitFileType = wrapper.cfbundle; includeInIndex = 0; path = "Matrix Script Test.xctest"; sourceTree = BUILT_PRODUCTS_DIR; };
		EA75708620DCCBC6006A0C17 /* Matrix_Script_Test.swift */ = {isa = PBXFileReference; lastKnownFileType = sourcecode.swift; path = Matrix_Script_Test.swift; sourceTree = "<group>"; };
		EA75708820DCCBC6006A0C17 /* Info.plist */ = {isa = PBXFileReference; lastKnownFileType = text.plist.xml; path = Info.plist; sourceTree = "<group>"; };
		EA75709520DCD1D3006A0C17 /* Matrix Script.swift */ = {isa = PBXFileReference; lastKnownFileType = sourcecode.swift; path = "Matrix Script.swift"; sourceTree = "<group>"; };
		EA9096A6205A50F300D3903A /* function.cpp */ = {isa = PBXFileReference; lastKnownFileType = sourcecode.cpp.cpp; path = function.cpp; sourceTree = "<group>"; };
		EA9096A7205A50F300D3903A /* function.hpp */ = {isa = PBXFileReference; lastKnownFileType = sourcecode.cpp.h; path = function.hpp; sourceTree = "<group>"; };
		EA958B46200B56E900696366 /* Matrix Script.app */ = {isa = PBXFileReference; explicitFileType = wrapper.application; includeInIndex = 0; path = "Matrix Script.app"; sourceTree = BUILT_PRODUCTS_DIR; };
		EA958B49200B56E900696366 /* AppDelegate.swift */ = {isa = PBXFileReference; lastKnownFileType = sourcecode.swift; path = AppDelegate.swift; sourceTree = "<group>"; };
		EA958B4B200B56E900696366 /* ViewController.swift */ = {isa = PBXFileReference; lastKnownFileType = sourcecode.swift; path = ViewController.swift; sourceTree = "<group>"; };
		EA958B4E200B56E900696366 /* Base */ = {isa = PBXFileReference; lastKnownFileType = file.storyboard; name = Base; path = Base.lproj/Main.storyboard; sourceTree = "<group>"; };
		EA958B50200B56E900696366 /* Assets.xcassets */ = {isa = PBXFileReference; lastKnownFileType = folder.assetcatalog; path = Assets.xcassets; sourceTree = "<group>"; };
		EA958B53200B56E900696366 /* Base */ = {isa = PBXFileReference; lastKnownFileType = file.storyboard; name = Base; path = Base.lproj/LaunchScreen.storyboard; sourceTree = "<group>"; };
		EA958B55200B56E900696366 /* Info.plist */ = {isa = PBXFileReference; lastKnownFileType = text.plist.xml; path = Info.plist; sourceTree = "<group>"; };
		EA9B9D9520CE709000E51E3B /* MatrixScript.h */ = {isa = PBXFileReference; fileEncoding = 4; lastKnownFileType = sourcecode.c.h; path = MatrixScript.h; sourceTree = "<group>"; };
		EA9B9D9620CE709000E51E3B /* MatrixScript.cpp */ = {isa = PBXFileReference; fileEncoding = 4; lastKnownFileType = sourcecode.cpp.cpp; path = MatrixScript.cpp; sourceTree = "<group>"; };
		EA9B9D9720CE709100E51E3B /* CMakeLists.txt */ = {isa = PBXFileReference; fileEncoding = 4; lastKnownFileType = text; path = CMakeLists.txt; sourceTree = "<group>"; };
		EAAAAD7E20233C8F007CA3DA /* Matrix Script CLI */ = {isa = PBXFileReference; explicitFileType = "compiled.mach-o.executable"; includeInIndex = 0; path = "Matrix Script CLI"; sourceTree = BUILT_PRODUCTS_DIR; };
		EAAAAD8C20233CE0007CA3DA /* main.cpp */ = {isa = PBXFileReference; lastKnownFileType = sourcecode.cpp.cpp; path = main.cpp; sourceTree = "<group>"; };
		EADD034A20EB5CAD00C6CC79 /* FiraSans-Regular.ttf */ = {isa = PBXFileReference; lastKnownFileType = file; path = "FiraSans-Regular.ttf"; sourceTree = "<group>"; };
		EAF3604220EC96830053C5EE /* WebKit.framework */ = {isa = PBXFileReference; lastKnownFileType = wrapper.framework; name = WebKit.framework; path = System/Library/Frameworks/WebKit.framework; sourceTree = SDKROOT; };
		EAF3604B20EC9F350053C5EE /* docs.html */ = {isa = PBXFileReference; fileEncoding = 4; lastKnownFileType = text.html; path = docs.html; sourceTree = "<group>"; };
		EAF3604F20ECAC0B0053C5EE /* style.css */ = {isa = PBXFileReference; fileEncoding = 4; lastKnownFileType = text.css; path = style.css; sourceTree = "<group>"; };
		EAF3605320ECC6270053C5EE /* LICENSE */ = {isa = PBXFileReference; fileEncoding = 4; lastKnownFileType = text; name = LICENSE; path = ../../../Downloads/LICENSE; sourceTree = "<group>"; };
/* End PBXFileReference section */

/* Begin PBXFrameworksBuildPhase section */
		EA75708120DCCBC6006A0C17 /* Frameworks */ = {
			isa = PBXFrameworksBuildPhase;
			buildActionMask = 2147483647;
			files = (
			);
			runOnlyForDeploymentPostprocessing = 0;
		};
		EA958B43200B56E800696366 /* Frameworks */ = {
			isa = PBXFrameworksBuildPhase;
			buildActionMask = 2147483647;
			files = (
				EAF3604620EC96980053C5EE /* WebKit.framework in Frameworks */,
			);
			runOnlyForDeploymentPostprocessing = 0;
		};
		EAAAAD7B20233C8F007CA3DA /* Frameworks */ = {
			isa = PBXFrameworksBuildPhase;
			buildActionMask = 2147483647;
			files = (
			);
			runOnlyForDeploymentPostprocessing = 0;
		};
/* End PBXFrameworksBuildPhase section */

/* Begin PBXGroup section */
		EA0204E620CBCB25003A7BCB /* Matrix Script Java */ = {
			isa = PBXGroup;
			children = (
				EA9B9D9620CE709000E51E3B /* MatrixScript.cpp */,
				EA9B9D9520CE709000E51E3B /* MatrixScript.h */,
				EA0204E820CBCB55003A7BCB /* MainFrame.java */,
				EA0204F020CBCBFC003A7BCB /* MatrixScript.java */,
			);
			path = "Matrix Script Java";
			sourceTree = "<group>";
		};
		EA75708520DCCBC6006A0C17 /* Matrix Script Test */ = {
			isa = PBXGroup;
			children = (
				EA75708620DCCBC6006A0C17 /* Matrix_Script_Test.swift */,
				EA75708820DCCBC6006A0C17 /* Info.plist */,
			);
			path = "Matrix Script Test";
			sourceTree = "<group>";
		};
		EA958B3D200B56E800696366 = {
			isa = PBXGroup;
			children = (
				EA958B48200B56E900696366 /* Matrix Script */,
				EAAAAD7F20233C8F007CA3DA /* Matrix Script CLI */,
				EA0204E620CBCB25003A7BCB /* Matrix Script Java */,
				EA75708520DCCBC6006A0C17 /* Matrix Script Test */,
				EA958B47200B56E900696366 /* Products */,
				EA9B9D9720CE709100E51E3B /* CMakeLists.txt */,
				EAF3604120EC96820053C5EE /* Frameworks */,
			);
			sourceTree = "<group>";
		};
		EA958B47200B56E900696366 /* Products */ = {
			isa = PBXGroup;
			children = (
				EA958B46200B56E900696366 /* Matrix Script.app */,
				EAAAAD7E20233C8F007CA3DA /* Matrix Script CLI */,
				EA75708420DCCBC6006A0C17 /* Matrix Script Test.xctest */,
			);
			name = Products;
			sourceTree = "<group>";
		};
		EA958B48200B56E900696366 /* Matrix Script */ = {
			isa = PBXGroup;
			children = (
				EA958B49200B56E900696366 /* AppDelegate.swift */,
				EA958B4B200B56E900696366 /* ViewController.swift */,
				EA958B4D200B56E900696366 /* Main.storyboard */,
				EA958B50200B56E900696366 /* Assets.xcassets */,
				EA958B52200B56E900696366 /* LaunchScreen.storyboard */,
				EA958B55200B56E900696366 /* Info.plist */,
				EA408344201C63D8001EAB93 /* main_calculator.cpp */,
				EA408345201C63D8001EAB93 /* main_calculator.hpp */,
				EA408374201C6AE6001EAB93 /* entry.cpp */,
				EA408375201C6AE6001EAB93 /* entry.hpp */,
				EA408377201C6AF7001EAB93 /* number.cpp */,
				EA408378201C6AF7001EAB93 /* number.hpp */,
				EA40834A201C6693001EAB93 /* matrix.cpp */,
				EA40834B201C6693001EAB93 /* matrix.hpp */,
				EA40835C201C675D001EAB93 /* expression.cpp */,
				EA40835D201C675D001EAB93 /* expression.hpp */,
				EA40836E201C6834001EAB93 /* token.cpp */,
				EA40836F201C6834001EAB93 /* token.hpp */,
				EA408380201C9746001EAB93 /* main_calculator_c.cpp */,
				EA408381201C9746001EAB93 /* main_calculator_c.hpp */,
				EA40837C201C8EF3001EAB93 /* Matrix Script-Bridging-Header.h */,
				EA9096A6205A50F300D3903A /* function.cpp */,
				EA9096A7205A50F300D3903A /* function.hpp */,
				EA01459720886A9300675B14 /* error.cpp */,
				EA01459820886A9300675B14 /* error.hpp */,
				EA75709520DCD1D3006A0C17 /* Matrix Script.swift */,
				EAF3604F20ECAC0B0053C5EE /* style.css */,
				EAF3604B20EC9F350053C5EE /* docs.html */,
				EADD034A20EB5CAD00C6CC79 /* FiraSans-Regular.ttf */,
				EAF3605320ECC6270053C5EE /* LICENSE */,
			);
			path = "Matrix Script";
			sourceTree = "<group>";
		};
		EAAAAD7F20233C8F007CA3DA /* Matrix Script CLI */ = {
			isa = PBXGroup;
			children = (
				EAAAAD8C20233CE0007CA3DA /* main.cpp */,
			);
			path = "Matrix Script CLI";
			sourceTree = "<group>";
		};
		EAF3604120EC96820053C5EE /* Frameworks */ = {
			isa = PBXGroup;
			children = (
				EAF3604220EC96830053C5EE /* WebKit.framework */,
			);
			name = Frameworks;
			sourceTree = "<group>";
		};
/* End PBXGroup section */

/* Begin PBXLegacyTarget section */
		EA0204DF20CBC95A003A7BCB /* Matrix Script Java */ = {
			isa = PBXLegacyTarget;
			buildArgumentsString = .;
			buildConfigurationList = EA0204E020CBC95A003A7BCB /* Build configuration list for PBXLegacyTarget "Matrix Script Java" */;
			buildPhases = (
			);
			buildToolPath = /usr/local/bin/cmake;
			buildWorkingDirectory = "";
			dependencies = (
			);
			name = "Matrix Script Java";
			passBuildSettingsInEnvironment = 0;
			productName = "Matrix Script Java";
		};
/* End PBXLegacyTarget section */

/* Begin PBXNativeTarget section */
		EA75708320DCCBC6006A0C17 /* Matrix Script Test */ = {
			isa = PBXNativeTarget;
			buildConfigurationList = EA75708B20DCCBC6006A0C17 /* Build configuration list for PBXNativeTarget "Matrix Script Test" */;
			buildPhases = (
				EA75708020DCCBC6006A0C17 /* Sources */,
				EA75708120DCCBC6006A0C17 /* Frameworks */,
				EA75708220DCCBC6006A0C17 /* Resources */,
			);
			buildRules = (
			);
			dependencies = (
			);
			name = "Matrix Script Test";
			productName = "Matrix Script Test";
			productReference = EA75708420DCCBC6006A0C17 /* Matrix Script Test.xctest */;
			productType = "com.apple.product-type.bundle.unit-test";
		};
		EA958B45200B56E800696366 /* Matrix Script */ = {
			isa = PBXNativeTarget;
			buildConfigurationList = EA958B58200B56E900696366 /* Build configuration list for PBXNativeTarget "Matrix Script" */;
			buildPhases = (
				EA958B42200B56E800696366 /* Sources */,
				EA958B43200B56E800696366 /* Frameworks */,
				EA958B44200B56E800696366 /* Resources */,
			);
			buildRules = (
			);
			dependencies = (
			);
			name = "Matrix Script";
			productName = "Matrix Script";
			productReference = EA958B46200B56E900696366 /* Matrix Script.app */;
			productType = "com.apple.product-type.application";
		};
		EAAAAD7D20233C8F007CA3DA /* Matrix Script CLI */ = {
			isa = PBXNativeTarget;
			buildConfigurationList = EAAAAD8220233C8F007CA3DA /* Build configuration list for PBXNativeTarget "Matrix Script CLI" */;
			buildPhases = (
				EAAAAD7A20233C8F007CA3DA /* Sources */,
				EAAAAD7B20233C8F007CA3DA /* Frameworks */,
				EAAAAD7C20233C8F007CA3DA /* CopyFiles */,
			);
			buildRules = (
			);
			dependencies = (
			);
			name = "Matrix Script CLI";
			productName = "Matrix Script CLI";
			productReference = EAAAAD7E20233C8F007CA3DA /* Matrix Script CLI */;
			productType = "com.apple.product-type.tool";
		};
/* End PBXNativeTarget section */

/* Begin PBXProject section */
		EA958B3E200B56E800696366 /* Project object */ = {
			isa = PBXProject;
			attributes = {
				LastSwiftUpdateCheck = 0940;
				LastUpgradeCheck = 0930;
				ORGANIZATIONNAME = "Tony Chow";
				TargetAttributes = {
					EA0204DF20CBC95A003A7BCB = {
						CreatedOnToolsVersion = 9.4;
						ProvisioningStyle = Automatic;
					};
					EA75708320DCCBC6006A0C17 = {
						CreatedOnToolsVersion = 9.4.1;
						ProvisioningStyle = Automatic;
					};
					EA958B45200B56E800696366 = {
						CreatedOnToolsVersion = 9.2;
						LastSwiftMigration = 0920;
						ProvisioningStyle = Automatic;
					};
					EAAAAD7D20233C8F007CA3DA = {
						CreatedOnToolsVersion = 9.2;
						ProvisioningStyle = Automatic;
					};
				};
			};
			buildConfigurationList = EA958B41200B56E800696366 /* Build configuration list for PBXProject "Matrix Script" */;
			compatibilityVersion = "Xcode 8.0";
			developmentRegion = en;
			hasScannedForEncodings = 0;
			knownRegions = (
				en,
				Base,
			);
			mainGroup = EA958B3D200B56E800696366;
			productRefGroup = EA958B47200B56E900696366 /* Products */;
			projectDirPath = "";
			projectRoot = "";
			targets = (
				EA958B45200B56E800696366 /* Matrix Script */,
				EAAAAD7D20233C8F007CA3DA /* Matrix Script CLI */,
				EA0204DF20CBC95A003A7BCB /* Matrix Script Java */,
				EA75708320DCCBC6006A0C17 /* Matrix Script Test */,
			);
		};
/* End PBXProject section */

/* Begin PBXResourcesBuildPhase section */
		EA75708220DCCBC6006A0C17 /* Resources */ = {
			isa = PBXResourcesBuildPhase;
			buildActionMask = 2147483647;
			files = (
			);
			runOnlyForDeploymentPostprocessing = 0;
		};
		EA958B44200B56E800696366 /* Resources */ = {
			isa = PBXResourcesBuildPhase;
			buildActionMask = 2147483647;
			files = (
				EA958B54200B56E900696366 /* LaunchScreen.storyboard in Resources */,
				EAF3605020ECAC0B0053C5EE /* style.css in Resources */,
				EA958B51200B56E900696366 /* Assets.xcassets in Resources */,
				EAF3605420ECC6270053C5EE /* LICENSE in Resources */,
				EADD034B20EB5CAD00C6CC79 /* FiraSans-Regular.ttf in Resources */,
				EA958B4F200B56E900696366 /* Main.storyboard in Resources */,
				EAF3604C20EC9F360053C5EE /* docs.html in Resources */,
			);
			runOnlyForDeploymentPostprocessing = 0;
		};
/* End PBXResourcesBuildPhase section */

/* Begin PBXSourcesBuildPhase section */
		EA75708020DCCBC6006A0C17 /* Sources */ = {
			isa = PBXSourcesBuildPhase;
			buildActionMask = 2147483647;
			files = (
				EA7570A220DCD41B006A0C17 /* entry.cpp in Sources */,
				EA7570A520DCD41B006A0C17 /* expression.cpp in Sources */,
				EA75709720DCD1D3006A0C17 /* Matrix Script.swift in Sources */,
				EA7570A820DCD41B006A0C17 /* function.cpp in Sources */,
				EA7570A620DCD41B006A0C17 /* token.cpp in Sources */,
				EA7570A420DCD41B006A0C17 /* matrix.cpp in Sources */,
				EA75708720DCCBC6006A0C17 /* Matrix_Script_Test.swift in Sources */,
				EA7570A320DCD41B006A0C17 /* number.cpp in Sources */,
				EA7570A120DCD41B006A0C17 /* main_calculator.cpp in Sources */,
				EA7570A720DCD41B006A0C17 /* main_calculator_c.cpp in Sources */,
				EA7570A920DCD41B006A0C17 /* error.cpp in Sources */,
			);
			runOnlyForDeploymentPostprocessing = 0;
		};
		EA958B42200B56E800696366 /* Sources */ = {
			isa = PBXSourcesBuildPhase;
			buildActionMask = 2147483647;
			files = (
				EA40834C201C6693001EAB93 /* matrix.cpp in Sources */,
				EA958B4C200B56E900696366 /* ViewController.swift in Sources */,
				EA408376201C6AE6001EAB93 /* entry.cpp in Sources */,
				EA9096A8205A50F300D3903A /* function.cpp in Sources */,
				EA75709620DCD1D3006A0C17 /* Matrix Script.swift in Sources */,
				EA958B4A200B56E900696366 /* AppDelegate.swift in Sources */,
				EA408379201C6AF7001EAB93 /* number.cpp in Sources */,
				EA40835E201C675D001EAB93 /* expression.cpp in Sources */,
				EA408346201C63D8001EAB93 /* main_calculator.cpp in Sources */,
				EA408370201C6834001EAB93 /* token.cpp in Sources */,
				EA408382201C9746001EAB93 /* main_calculator_c.cpp in Sources */,
				EA01459920886A9300675B14 /* error.cpp in Sources */,
			);
			runOnlyForDeploymentPostprocessing = 0;
		};
		EAAAAD7A20233C8F007CA3DA /* Sources */ = {
			isa = PBXSourcesBuildPhase;
			buildActionMask = 2147483647;
			files = (
				EA01459A20887C7E00675B14 /* error.cpp in Sources */,
				EA9096AB205A5C4F00D3903A /* function.cpp in Sources */,
				EAAAAD8520233CA7007CA3DA /* main_calculator.cpp in Sources */,
				EAAAAD8620233CA7007CA3DA /* entry.cpp in Sources */,
				EAAAAD8720233CA7007CA3DA /* number.cpp in Sources */,
				EAAAAD8820233CA7007CA3DA /* matrix.cpp in Sources */,
				EAAAAD8920233CA7007CA3DA /* expression.cpp in Sources */,
				EAAAAD8A20233CA7007CA3DA /* token.cpp in Sources */,
				EAAAAD8D20233CE0007CA3DA /* main.cpp in Sources */,
				EAAAAD8B20233CA7007CA3DA /* main_calculator_c.cpp in Sources */,
			);
			runOnlyForDeploymentPostprocessing = 0;
		};
/* End PBXSourcesBuildPhase section */

/* Begin PBXVariantGroup section */
		EA958B4D200B56E900696366 /* Main.storyboard */ = {
			isa = PBXVariantGroup;
			children = (
				EA958B4E200B56E900696366 /* Base */,
			);
			name = Main.storyboard;
			sourceTree = "<group>";
		};
		EA958B52200B56E900696366 /* LaunchScreen.storyboard */ = {
			isa = PBXVariantGroup;
			children = (
				EA958B53200B56E900696366 /* Base */,
			);
			name = LaunchScreen.storyboard;
			sourceTree = "<group>";
		};
/* End PBXVariantGroup section */

/* Begin XCBuildConfiguration section */
		EA0204E120CBC95A003A7BCB /* Debug */ = {
			isa = XCBuildConfiguration;
			buildSettings = {
				CLANG_ENABLE_OBJC_WEAK = YES;
				CODE_SIGN_STYLE = Automatic;
				DEBUGGING_SYMBOLS = YES;
				DEBUG_INFORMATION_FORMAT = dwarf;
				GCC_GENERATE_DEBUGGING_SYMBOLS = YES;
				GCC_OPTIMIZATION_LEVEL = 0;
				OTHER_CFLAGS = "";
				OTHER_LDFLAGS = "";
				PRODUCT_NAME = "$(TARGET_NAME)";
			};
			name = Debug;
		};
		EA0204E220CBC95A003A7BCB /* Release */ = {
			isa = XCBuildConfiguration;
			buildSettings = {
				CLANG_ENABLE_OBJC_WEAK = YES;
				CODE_SIGN_STYLE = Automatic;
				DEBUG_INFORMATION_FORMAT = "dwarf-with-dsym";
				OTHER_CFLAGS = "";
				OTHER_LDFLAGS = "";
				PRODUCT_NAME = "$(TARGET_NAME)";
			};
			name = Release;
		};
		EA75708920DCCBC6006A0C17 /* Debug */ = {
			isa = XCBuildConfiguration;
			buildSettings = {
				CLANG_ENABLE_OBJC_WEAK = YES;
				CODE_SIGN_IDENTITY = "-";
				CODE_SIGN_STYLE = Automatic;
				COMBINE_HIDPI_IMAGES = YES;
				INFOPLIST_FILE = "Matrix Script Test/Info.plist";
				LD_RUNPATH_SEARCH_PATHS = "$(inherited) @executable_path/../Frameworks @loader_path/../Frameworks";
				MACOSX_DEPLOYMENT_TARGET = 10.13;
				PRODUCT_BUNDLE_IDENTIFIER = "tony.Matrix-Script-Test";
				PRODUCT_NAME = "$(TARGET_NAME)";
				SDKROOT = macosx10.13;
				SWIFT_OBJC_BRIDGING_HEADER = "Matrix Script/Matrix Script-Bridging-Header.h";
				SWIFT_VERSION = 4.0;
			};
			name = Debug;
		};
		EA75708A20DCCBC6006A0C17 /* Release */ = {
			isa = XCBuildConfiguration;
			buildSettings = {
				CLANG_ENABLE_OBJC_WEAK = YES;
				CODE_SIGN_IDENTITY = "-";
				CODE_SIGN_STYLE = Automatic;
				COMBINE_HIDPI_IMAGES = YES;
				INFOPLIST_FILE = "Matrix Script Test/Info.plist";
				LD_RUNPATH_SEARCH_PATHS = "$(inherited) @executable_path/../Frameworks @loader_path/../Frameworks";
				MACOSX_DEPLOYMENT_TARGET = 10.13;
				PRODUCT_BUNDLE_IDENTIFIER = "tony.Matrix-Script-Test";
				PRODUCT_NAME = "$(TARGET_NAME)";
				SDKROOT = macosx10.13;
				SWIFT_OBJC_BRIDGING_HEADER = "Matrix Script/Matrix Script-Bridging-Header.h";
				SWIFT_VERSION = 4.0;
			};
			name = Release;
		};
		EA958B56200B56E900696366 /* Debug */ = {
			isa = XCBuildConfiguration;
			buildSettings = {
				ALWAYS_SEARCH_USER_PATHS = NO;
				CLANG_ANALYZER_NONNULL = YES;
				CLANG_ANALYZER_NUMBER_OBJECT_CONVERSION = YES_AGGRESSIVE;
				CLANG_CXX_LANGUAGE_STANDARD = "gnu++14";
				CLANG_CXX_LIBRARY = "libc++";
				CLANG_ENABLE_MODULES = YES;
				CLANG_ENABLE_OBJC_ARC = YES;
				CLANG_WARN_BLOCK_CAPTURE_AUTORELEASING = YES;
				CLANG_WARN_BOOL_CONVERSION = YES;
				CLANG_WARN_COMMA = YES;
				CLANG_WARN_CONSTANT_CONVERSION = YES;
				CLANG_WARN_DEPRECATED_OBJC_IMPLEMENTATIONS = YES;
				CLANG_WARN_DIRECT_OBJC_ISA_USAGE = YES_ERROR;
				CLANG_WARN_DOCUMENTATION_COMMENTS = YES;
				CLANG_WARN_EMPTY_BODY = YES;
				CLANG_WARN_ENUM_CONVERSION = YES;
				CLANG_WARN_INFINITE_RECURSION = YES;
				CLANG_WARN_INT_CONVERSION = YES;
				CLANG_WARN_NON_LITERAL_NULL_CONVERSION = YES;
				CLANG_WARN_OBJC_IMPLICIT_RETAIN_SELF = YES;
				CLANG_WARN_OBJC_LITERAL_CONVERSION = YES;
				CLANG_WARN_OBJC_ROOT_CLASS = YES_ERROR;
				CLANG_WARN_RANGE_LOOP_ANALYSIS = YES;
				CLANG_WARN_STRICT_PROTOTYPES = YES;
				CLANG_WARN_SUSPICIOUS_MOVE = YES;
				CLANG_WARN_UNGUARDED_AVAILABILITY = YES_AGGRESSIVE;
				CLANG_WARN_UNREACHABLE_CODE = YES;
				CLANG_WARN__DUPLICATE_METHOD_MATCH = YES;
				CODE_SIGN_IDENTITY = "iPhone Developer";
				COPY_PHASE_STRIP = NO;
				DEBUG_INFORMATION_FORMAT = dwarf;
				ENABLE_STRICT_OBJC_MSGSEND = YES;
				ENABLE_TESTABILITY = YES;
				GCC_C_LANGUAGE_STANDARD = gnu11;
				GCC_DYNAMIC_NO_PIC = NO;
				GCC_NO_COMMON_BLOCKS = YES;
				GCC_OPTIMIZATION_LEVEL = 0;
				GCC_PREPROCESSOR_DEFINITIONS = (
					"DEBUG=1",
					"$(inherited)",
				);
				GCC_WARN_64_TO_32_BIT_CONVERSION = YES;
				GCC_WARN_ABOUT_RETURN_TYPE = YES_ERROR;
				GCC_WARN_UNDECLARED_SELECTOR = YES;
				GCC_WARN_UNINITIALIZED_AUTOS = YES_AGGRESSIVE;
				GCC_WARN_UNUSED_FUNCTION = YES;
				GCC_WARN_UNUSED_VARIABLE = YES;
				IPHONEOS_DEPLOYMENT_TARGET = 10.0;
				MTL_ENABLE_DEBUG_INFO = YES;
				ONLY_ACTIVE_ARCH = YES;
				SDKROOT = iphoneos;
				SWIFT_ACTIVE_COMPILATION_CONDITIONS = DEBUG;
				SWIFT_OPTIMIZATION_LEVEL = "-Onone";
			};
			name = Debug;
		};
		EA958B57200B56E900696366 /* Release */ = {
			isa = XCBuildConfiguration;
			buildSettings = {
				ALWAYS_SEARCH_USER_PATHS = NO;
				CLANG_ANALYZER_NONNULL = YES;
				CLANG_ANALYZER_NUMBER_OBJECT_CONVERSION = YES_AGGRESSIVE;
				CLANG_CXX_LANGUAGE_STANDARD = "gnu++14";
				CLANG_CXX_LIBRARY = "libc++";
				CLANG_ENABLE_MODULES = YES;
				CLANG_ENABLE_OBJC_ARC = YES;
				CLANG_WARN_BLOCK_CAPTURE_AUTORELEASING = YES;
				CLANG_WARN_BOOL_CONVERSION = YES;
				CLANG_WARN_COMMA = YES;
				CLANG_WARN_CONSTANT_CONVERSION = YES;
				CLANG_WARN_DEPRECATED_OBJC_IMPLEMENTATIONS = YES;
				CLANG_WARN_DIRECT_OBJC_ISA_USAGE = YES_ERROR;
				CLANG_WARN_DOCUMENTATION_COMMENTS = YES;
				CLANG_WARN_EMPTY_BODY = YES;
				CLANG_WARN_ENUM_CONVERSION = YES;
				CLANG_WARN_INFINITE_RECURSION = YES;
				CLANG_WARN_INT_CONVERSION = YES;
				CLANG_WARN_NON_LITERAL_NULL_CONVERSION = YES;
				CLANG_WARN_OBJC_IMPLICIT_RETAIN_SELF = YES;
				CLANG_WARN_OBJC_LITERAL_CONVERSION = YES;
				CLANG_WARN_OBJC_ROOT_CLASS = YES_ERROR;
				CLANG_WARN_RANGE_LOOP_ANALYSIS = YES;
				CLANG_WARN_STRICT_PROTOTYPES = YES;
				CLANG_WARN_SUSPICIOUS_MOVE = YES;
				CLANG_WARN_UNGUARDED_AVAILABILITY = YES_AGGRESSIVE;
				CLANG_WARN_UNREACHABLE_CODE = YES;
				CLANG_WARN__DUPLICATE_METHOD_MATCH = YES;
				CODE_SIGN_IDENTITY = "iPhone Developer";
				COPY_PHASE_STRIP = NO;
				DEBUG_INFORMATION_FORMAT = "dwarf-with-dsym";
				ENABLE_NS_ASSERTIONS = NO;
				ENABLE_STRICT_OBJC_MSGSEND = YES;
				GCC_C_LANGUAGE_STANDARD = gnu11;
				GCC_NO_COMMON_BLOCKS = YES;
				GCC_WARN_64_TO_32_BIT_CONVERSION = YES;
				GCC_WARN_ABOUT_RETURN_TYPE = YES_ERROR;
				GCC_WARN_UNDECLARED_SELECTOR = YES;
				GCC_WARN_UNINITIALIZED_AUTOS = YES_AGGRESSIVE;
				GCC_WARN_UNUSED_FUNCTION = YES;
				GCC_WARN_UNUSED_VARIABLE = YES;
				IPHONEOS_DEPLOYMENT_TARGET = 10.0;
				MTL_ENABLE_DEBUG_INFO = NO;
				SDKROOT = iphoneos;
				SWIFT_OPTIMIZATION_LEVEL = "-Owholemodule";
				VALIDATE_PRODUCT = YES;
			};
			name = Release;
		};
		EA958B59200B56E900696366 /* Debug */ = {
			isa = XCBuildConfiguration;
			buildSettings = {
				ASSETCATALOG_COMPILER_APPICON_NAME = AppIcon;
				CLANG_ENABLE_MODULES = YES;
				CODE_SIGN_STYLE = Automatic;
				INFOPLIST_FILE = "Matrix Script/Info.plist";
				IPHONEOS_DEPLOYMENT_TARGET = 11.0;
				LD_RUNPATH_SEARCH_PATHS = "$(inherited) @executable_path/Frameworks";
				PRODUCT_BUNDLE_IDENTIFIER = "com.tonychow.Matrix-Script";
				PRODUCT_NAME = "$(TARGET_NAME)";
				SWIFT_OBJC_BRIDGING_HEADER = "Matrix Script/Matrix Script-Bridging-Header.h";
				SWIFT_OPTIMIZATION_LEVEL = "-Onone";
				SWIFT_VERSION = 4.0;
				TARGETED_DEVICE_FAMILY = "1,2";
			};
			name = Debug;
		};
		EA958B5A200B56E900696366 /* Release */ = {
			isa = XCBuildConfiguration;
			buildSettings = {
				ASSETCATALOG_COMPILER_APPICON_NAME = AppIcon;
				CLANG_ENABLE_MODULES = YES;
				CODE_SIGN_STYLE = Automatic;
				INFOPLIST_FILE = "Matrix Script/Info.plist";
				IPHONEOS_DEPLOYMENT_TARGET = 11.0;
				LD_RUNPATH_SEARCH_PATHS = "$(inherited) @executable_path/Frameworks";
				PRODUCT_BUNDLE_IDENTIFIER = "com.tonychow.Matrix-Script";
				PRODUCT_NAME = "$(TARGET_NAME)";
				SWIFT_OBJC_BRIDGING_HEADER = "Matrix Script/Matrix Script-Bridging-Header.h";
				SWIFT_VERSION = 4.0;
				TARGETED_DEVICE_FAMILY = "1,2";
			};
			name = Release;
		};
		EAAAAD8320233C8F007CA3DA /* Debug */ = {
			isa = XCBuildConfiguration;
			buildSettings = {
				CODE_SIGN_IDENTITY = "-";
				CODE_SIGN_STYLE = Automatic;
				MACOSX_DEPLOYMENT_TARGET = 10.13;
				PRODUCT_NAME = "$(TARGET_NAME)";
				SDKROOT = macosx;
				SWIFT_VERSION = 4.0;
			};
			name = Debug;
		};
		EAAAAD8420233C8F007CA3DA /* Release */ = {
			isa = XCBuildConfiguration;
			buildSettings = {
				CODE_SIGN_IDENTITY = "-";
				CODE_SIGN_STYLE = Automatic;
				MACOSX_DEPLOYMENT_TARGET = 10.13;
				PRODUCT_NAME = "$(TARGET_NAME)";
				SDKROOT = macosx;
				SWIFT_VERSION = 4.0;
			};
			name = Release;
		};
/* End XCBuildConfiguration section */

/* Begin XCConfigurationList section */
		EA0204E020CBC95A003A7BCB /* Build configuration list for PBXLegacyTarget "Matrix Script Java" */ = {
			isa = XCConfigurationList;
			buildConfigurations = (
				EA0204E120CBC95A003A7BCB /* Debug */,
				EA0204E220CBC95A003A7BCB /* Release */,
			);
			defaultConfigurationIsVisible = 0;
			defaultConfigurationName = Release;
		};
		EA75708B20DCCBC6006A0C17 /* Build configuration list for PBXNativeTarget "Matrix Script Test" */ = {
			isa = XCConfigurationList;
			buildConfigurations = (
				EA75708920DCCBC6006A0C17 /* Debug */,
				EA75708A20DCCBC6006A0C17 /* Release */,
			);
			defaultConfigurationIsVisible = 0;
			defaultConfigurationName = Release;
		};
		EA958B41200B56E800696366 /* Build configuration list for PBXProject "Matrix Script" */ = {
			isa = XCConfigurationList;
			buildConfigurations = (
				EA958B56200B56E900696366 /* Debug */,
				EA958B57200B56E900696366 /* Release */,
			);
			defaultConfigurationIsVisible = 0;
			defaultConfigurationName = Release;
		};
		EA958B58200B56E900696366 /* Build configuration list for PBXNativeTarget "Matrix Script" */ = {
			isa = XCConfigurationList;
			buildConfigurations = (
				EA958B59200B56E900696366 /* Debug */,
				EA958B5A200B56E900696366 /* Release */,
			);
			defaultConfigurationIsVisible = 0;
			defaultConfigurationName = Release;
		};
		EAAAAD8220233C8F007CA3DA /* Build configuration list for PBXNativeTarget "Matrix Script CLI" */ = {
			isa = XCConfigurationList;
			buildConfigurations = (
				EAAAAD8320233C8F007CA3DA /* Debug */,
				EAAAAD8420233C8F007CA3DA /* Release */,
			);
			defaultConfigurationIsVisible = 0;
			defaultConfigurationName = Release;
		};
/* End XCConfigurationList section */
	};
	rootObject = EA958B3E200B56E800696366 /* Project object */;
}
